// !$*UTF8*$!
{
	archiveVersion = 1;
	classes = {
	};
	objectVersion = 50;
	objects = {

/* Begin PBXBuildFile section */
		D8C1DC302442419F003CA4B3 /* AppDelegate.swift in Sources */ = {isa = PBXBuildFile; fileRef = D8C1DC2F2442419F003CA4B3 /* AppDelegate.swift */; };
		D8C1DC322442419F003CA4B3 /* SceneDelegate.swift in Sources */ = {isa = PBXBuildFile; fileRef = D8C1DC312442419F003CA4B3 /* SceneDelegate.swift */; };
		D8C1DC342442419F003CA4B3 /* ViewController.swift in Sources */ = {isa = PBXBuildFile; fileRef = D8C1DC332442419F003CA4B3 /* ViewController.swift */; };
		D8C1DC372442419F003CA4B3 /* Main.storyboard in Resources */ = {isa = PBXBuildFile; fileRef = D8C1DC352442419F003CA4B3 /* Main.storyboard */; };
		D8C1DC39244241A3003CA4B3 /* Assets.xcassets in Resources */ = {isa = PBXBuildFile; fileRef = D8C1DC38244241A3003CA4B3 /* Assets.xcassets */; };
		D8C1DC3C244241A3003CA4B3 /* LaunchScreen.storyboard in Resources */ = {isa = PBXBuildFile; fileRef = D8C1DC3A244241A3003CA4B3 /* LaunchScreen.storyboard */; };
		D8C1DC47244241A3003CA4B3 /* MultipleExTests.swift in Sources */ = {isa = PBXBuildFile; fileRef = D8C1DC46244241A3003CA4B3 /* MultipleExTests.swift */; };
		D8C1DC52244241A3003CA4B3 /* MultipleExUITests.swift in Sources */ = {isa = PBXBuildFile; fileRef = D8C1DC51244241A3003CA4B3 /* MultipleExUITests.swift */; };
		D8C1DC602443A0BE003CA4B3 /* SwitchViewController.swift in Sources */ = {isa = PBXBuildFile; fileRef = D8C1DC5F2443A0BE003CA4B3 /* SwitchViewController.swift */; };
		D8C1DC622443A0FB003CA4B3 /* SliderViewController.swift in Sources */ = {isa = PBXBuildFile; fileRef = D8C1DC612443A0FB003CA4B3 /* SliderViewController.swift */; };
		D8C1DC642443A119003CA4B3 /* PickerViewController.swift in Sources */ = {isa = PBXBuildFile; fileRef = D8C1DC632443A119003CA4B3 /* PickerViewController.swift */; };
/* End PBXBuildFile section */

/* Begin PBXContainerItemProxy section */
		D8C1DC43244241A3003CA4B3 /* PBXContainerItemProxy */ = {
			isa = PBXContainerItemProxy;
			containerPortal = D8C1DC242442419F003CA4B3 /* Project object */;
			proxyType = 1;
			remoteGlobalIDString = D8C1DC2B2442419F003CA4B3;
			remoteInfo = MultipleEx;
		};
		D8C1DC4E244241A3003CA4B3 /* PBXContainerItemProxy */ = {
			isa = PBXContainerItemProxy;
			containerPortal = D8C1DC242442419F003CA4B3 /* Project object */;
			proxyType = 1;
			remoteGlobalIDString = D8C1DC2B2442419F003CA4B3;
			remoteInfo = MultipleEx;
		};
/* End PBXContainerItemProxy section */

/* Begin PBXFileReference section */
		D8C1DC2C2442419F003CA4B3 /* MultipleEx.app */ = {isa = PBXFileReference; explicitFileType = wrapper.application; includeInIndex = 0; path = MultipleEx.app; sourceTree = BUILT_PRODUCTS_DIR; };
		D8C1DC2F2442419F003CA4B3 /* AppDelegate.swift */ = {isa = PBXFileReference; lastKnownFileType = sourcecode.swift; path = AppDelegate.swift; sourceTree = "<group>"; };
		D8C1DC312442419F003CA4B3 /* SceneDelegate.swift */ = {isa = PBXFileReference; lastKnownFileType = sourcecode.swift; path = SceneDelegate.swift; sourceTree = "<group>"; };
		D8C1DC332442419F003CA4B3 /* ViewController.swift */ = {isa = PBXFileReference; lastKnownFileType = sourcecode.swift; path = ViewController.swift; sourceTree = "<group>"; };
		D8C1DC362442419F003CA4B3 /* Base */ = {isa = PBXFileReference; lastKnownFileType = file.storyboard; name = Base; path = Base.lproj/Main.storyboard; sourceTree = "<group>"; };
		D8C1DC38244241A3003CA4B3 /* Assets.xcassets */ = {isa = PBXFileReference; lastKnownFileType = folder.assetcatalog; path = Assets.xcassets; sourceTree = "<group>"; };
		D8C1DC3B244241A3003CA4B3 /* Base */ = {isa = PBXFileReference; lastKnownFileType = file.storyboard; name = Base; path = Base.lproj/LaunchScreen.storyboard; sourceTree = "<group>"; };
		D8C1DC3D244241A3003CA4B3 /* Info.plist */ = {isa = PBXFileReference; lastKnownFileType = text.plist.xml; path = Info.plist; sourceTree = "<group>"; };
		D8C1DC42244241A3003CA4B3 /* MultipleExTests.xctest */ = {isa = PBXFileReference; explicitFileType = wrapper.cfbundle; includeInIndex = 0; path = MultipleExTests.xctest; sourceTree = BUILT_PRODUCTS_DIR; };
		D8C1DC46244241A3003CA4B3 /* MultipleExTests.swift */ = {isa = PBXFileReference; lastKnownFileType = sourcecode.swift; path = MultipleExTests.swift; sourceTree = "<group>"; };
		D8C1DC48244241A3003CA4B3 /* Info.plist */ = {isa = PBXFileReference; lastKnownFileType = text.plist.xml; path = Info.plist; sourceTree = "<group>"; };
		D8C1DC4D244241A3003CA4B3 /* MultipleExUITests.xctest */ = {isa = PBXFileReference; explicitFileType = wrapper.cfbundle; includeInIndex = 0; path = MultipleExUITests.xctest; sourceTree = BUILT_PRODUCTS_DIR; };
		D8C1DC51244241A3003CA4B3 /* MultipleExUITests.swift */ = {isa = PBXFileReference; lastKnownFileType = sourcecode.swift; path = MultipleExUITests.swift; sourceTree = "<group>"; };
		D8C1DC53244241A3003CA4B3 /* Info.plist */ = {isa = PBXFileReference; lastKnownFileType = text.plist.xml; path = Info.plist; sourceTree = "<group>"; };
		D8C1DC5F2443A0BE003CA4B3 /* SwitchViewController.swift */ = {isa = PBXFileReference; lastKnownFileType = sourcecode.swift; path = SwitchViewController.swift; sourceTree = "<group>"; };
		D8C1DC612443A0FB003CA4B3 /* SliderViewController.swift */ = {isa = PBXFileReference; lastKnownFileType = sourcecode.swift; path = SliderViewController.swift; sourceTree = "<group>"; };
		D8C1DC632443A119003CA4B3 /* PickerViewController.swift */ = {isa = PBXFileReference; lastKnownFileType = sourcecode.swift; path = PickerViewController.swift; sourceTree = "<group>"; };
/* End PBXFileReference section */

/* Begin PBXFrameworksBuildPhase section */
		D8C1DC292442419F003CA4B3 /* Frameworks */ = {
			isa = PBXFrameworksBuildPhase;
			buildActionMask = 2147483647;
			files = (
			);
			runOnlyForDeploymentPostprocessing = 0;
		};
		D8C1DC3F244241A3003CA4B3 /* Frameworks */ = {
			isa = PBXFrameworksBuildPhase;
			buildActionMask = 2147483647;
			files = (
			);
			runOnlyForDeploymentPostprocessing = 0;
		};
		D8C1DC4A244241A3003CA4B3 /* Frameworks */ = {
			isa = PBXFrameworksBuildPhase;
			buildActionMask = 2147483647;
			files = (
			);
			runOnlyForDeploymentPostprocessing = 0;
		};
/* End PBXFrameworksBuildPhase section */

/* Begin PBXGroup section */
		D8C1DC232442419F003CA4B3 = {
			isa = PBXGroup;
			children = (
				D8C1DC2E2442419F003CA4B3 /* MultipleEx */,
				D8C1DC45244241A3003CA4B3 /* MultipleExTests */,
				D8C1DC50244241A3003CA4B3 /* MultipleExUITests */,
				D8C1DC2D2442419F003CA4B3 /* Products */,
			);
			sourceTree = "<group>";
		};
		D8C1DC2D2442419F003CA4B3 /* Products */ = {
			isa = PBXGroup;
			children = (
				D8C1DC2C2442419F003CA4B3 /* MultipleEx.app */,
				D8C1DC42244241A3003CA4B3 /* MultipleExTests.xctest */,
				D8C1DC4D244241A3003CA4B3 /* MultipleExUITests.xctest */,
			);
			name = Products;
			sourceTree = "<group>";
		};
		D8C1DC2E2442419F003CA4B3 /* MultipleEx */ = {
			isa = PBXGroup;
			children = (
				D8C1DC2F2442419F003CA4B3 /* AppDelegate.swift */,
				D8C1DC312442419F003CA4B3 /* SceneDelegate.swift */,
				D8C1DC352442419F003CA4B3 /* Main.storyboard */,
				D8C1DC632443A119003CA4B3 /* PickerViewController.swift */,
				D8C1DC612443A0FB003CA4B3 /* SliderViewController.swift */,
				D8C1DC332442419F003CA4B3 /* ViewController.swift */,
				D8C1DC5F2443A0BE003CA4B3 /* SwitchViewController.swift */,
				D8C1DC38244241A3003CA4B3 /* Assets.xcassets */,
				D8C1DC3A244241A3003CA4B3 /* LaunchScreen.storyboard */,
				D8C1DC3D244241A3003CA4B3 /* Info.plist */,
			);
			path = MultipleEx;
			sourceTree = "<group>";
		};
		D8C1DC45244241A3003CA4B3 /* MultipleExTests */ = {
			isa = PBXGroup;
			children = (
				D8C1DC46244241A3003CA4B3 /* MultipleExTests.swift */,
				D8C1DC48244241A3003CA4B3 /* Info.plist */,
			);
			path = MultipleExTests;
			sourceTree = "<group>";
		};
		D8C1DC50244241A3003CA4B3 /* MultipleExUITests */ = {
			isa = PBXGroup;
			children = (
				D8C1DC51244241A3003CA4B3 /* MultipleExUITests.swift */,
				D8C1DC53244241A3003CA4B3 /* Info.plist */,
			);
			path = MultipleExUITests;
			sourceTree = "<group>";
		};
/* End PBXGroup section */

/* Begin PBXNativeTarget section */
		D8C1DC2B2442419F003CA4B3 /* MultipleEx */ = {
			isa = PBXNativeTarget;
			buildConfigurationList = D8C1DC56244241A3003CA4B3 /* Build configuration list for PBXNativeTarget "MultipleEx" */;
			buildPhases = (
				D8C1DC282442419F003CA4B3 /* Sources */,
				D8C1DC292442419F003CA4B3 /* Frameworks */,
				D8C1DC2A2442419F003CA4B3 /* Resources */,
			);
			buildRules = (
			);
			dependencies = (
			);
			name = MultipleEx;
			productName = MultipleEx;
			productReference = D8C1DC2C2442419F003CA4B3 /* MultipleEx.app */;
			productType = "com.apple.product-type.application";
		};
		D8C1DC41244241A3003CA4B3 /* MultipleExTests */ = {
			isa = PBXNativeTarget;
			buildConfigurationList = D8C1DC59244241A3003CA4B3 /* Build configuration list for PBXNativeTarget "MultipleExTests" */;
			buildPhases = (
				D8C1DC3E244241A3003CA4B3 /* Sources */,
				D8C1DC3F244241A3003CA4B3 /* Frameworks */,
				D8C1DC40244241A3003CA4B3 /* Resources */,
			);
			buildRules = (
			);
			dependencies = (
				D8C1DC44244241A3003CA4B3 /* PBXTargetDependency */,
			);
			name = MultipleExTests;
			productName = MultipleExTests;
			productReference = D8C1DC42244241A3003CA4B3 /* MultipleExTests.xctest */;
			productType = "com.apple.product-type.bundle.unit-test";
		};
		D8C1DC4C244241A3003CA4B3 /* MultipleExUITests */ = {
			isa = PBXNativeTarget;
			buildConfigurationList = D8C1DC5C244241A3003CA4B3 /* Build configuration list for PBXNativeTarget "MultipleExUITests" */;
			buildPhases = (
				D8C1DC49244241A3003CA4B3 /* Sources */,
				D8C1DC4A244241A3003CA4B3 /* Frameworks */,
				D8C1DC4B244241A3003CA4B3 /* Resources */,
			);
			buildRules = (
			);
			dependencies = (
				D8C1DC4F244241A3003CA4B3 /* PBXTargetDependency */,
			);
			name = MultipleExUITests;
			productName = MultipleExUITests;
			productReference = D8C1DC4D244241A3003CA4B3 /* MultipleExUITests.xctest */;
			productType = "com.apple.product-type.bundle.ui-testing";
		};
/* End PBXNativeTarget section */

/* Begin PBXProject section */
		D8C1DC242442419F003CA4B3 /* Project object */ = {
			isa = PBXProject;
			attributes = {
				LastSwiftUpdateCheck = 1140;
				LastUpgradeCheck = 1140;
				ORGANIZATIONNAME = "Arianna Charalambous";
				TargetAttributes = {
					D8C1DC2B2442419F003CA4B3 = {
						CreatedOnToolsVersion = 11.4;
					};
					D8C1DC41244241A3003CA4B3 = {
						CreatedOnToolsVersion = 11.4;
						TestTargetID = D8C1DC2B2442419F003CA4B3;
					};
					D8C1DC4C244241A3003CA4B3 = {
						CreatedOnToolsVersion = 11.4;
						TestTargetID = D8C1DC2B2442419F003CA4B3;
					};
				};
			};
			buildConfigurationList = D8C1DC272442419F003CA4B3 /* Build configuration list for PBXProject "MultipleEx" */;
			compatibilityVersion = "Xcode 9.3";
			developmentRegion = en;
			hasScannedForEncodings = 0;
			knownRegions = (
				en,
				Base,
			);
			mainGroup = D8C1DC232442419F003CA4B3;
			productRefGroup = D8C1DC2D2442419F003CA4B3 /* Products */;
			projectDirPath = "";
			projectRoot = "";
			targets = (
				D8C1DC2B2442419F003CA4B3 /* MultipleEx */,
				D8C1DC41244241A3003CA4B3 /* MultipleExTests */,
				D8C1DC4C244241A3003CA4B3 /* MultipleExUITests */,
			);
		};
/* End PBXProject section */

/* Begin PBXResourcesBuildPhase section */
		D8C1DC2A2442419F003CA4B3 /* Resources */ = {
			isa = PBXResourcesBuildPhase;
			buildActionMask = 2147483647;
			files = (
				D8C1DC3C244241A3003CA4B3 /* LaunchScreen.storyboard in Resources */,
				D8C1DC39244241A3003CA4B3 /* Assets.xcassets in Resources */,
				D8C1DC372442419F003CA4B3 /* Main.storyboard in Resources */,
			);
			runOnlyForDeploymentPostprocessing = 0;
		};
		D8C1DC40244241A3003CA4B3 /* Resources */ = {
			isa = PBXResourcesBuildPhase;
			buildActionMask = 2147483647;
			files = (
			);
			runOnlyForDeploymentPostprocessing = 0;
		};
		D8C1DC4B244241A3003CA4B3 /* Resources */ = {
			isa = PBXResourcesBuildPhase;
			buildActionMask = 2147483647;
			files = (
			);
			runOnlyForDeploymentPostprocessing = 0;
		};
/* End PBXResourcesBuildPhase section */

/* Begin PBXSourcesBuildPhase section */
		D8C1DC282442419F003CA4B3 /* Sources */ = {
			isa = PBXSourcesBuildPhase;
			buildActionMask = 2147483647;
			files = (
				D8C1DC642443A119003CA4B3 /* PickerViewController.swift in Sources */,
				D8C1DC342442419F003CA4B3 /* ViewController.swift in Sources */,
				D8C1DC622443A0FB003CA4B3 /* SliderViewController.swift in Sources */,
				D8C1DC302442419F003CA4B3 /* AppDelegate.swift in Sources */,
				D8C1DC602443A0BE003CA4B3 /* SwitchViewController.swift in Sources */,
				D8C1DC322442419F003CA4B3 /* SceneDelegate.swift in Sources */,
			);
			runOnlyForDeploymentPostprocessing = 0;
		};
		D8C1DC3E244241A3003CA4B3 /* Sources */ = {
			isa = PBXSourcesBuildPhase;
			buildActionMask = 2147483647;
			files = (
				D8C1DC47244241A3003CA4B3 /* MultipleExTests.swift in Sources */,
			);
			runOnlyForDeploymentPostprocessing = 0;
		};
		D8C1DC49244241A3003CA4B3 /* Sources */ = {
			isa = PBXSourcesBuildPhase;
			buildActionMask = 2147483647;
			files = (
				D8C1DC52244241A3003CA4B3 /* MultipleExUITests.swift in Sources */,
			);
			runOnlyForDeploymentPostprocessing = 0;
		};
/* End PBXSourcesBuildPhase section */

/* Begin PBXTargetDependency section */
		D8C1DC44244241A3003CA4B3 /* PBXTargetDependency */ = {
			isa = PBXTargetDependency;
			target = D8C1DC2B2442419F003CA4B3 /* MultipleEx */;
			targetProxy = D8C1DC43244241A3003CA4B3 /* PBXContainerItemProxy */;
		};
		D8C1DC4F244241A3003CA4B3 /* PBXTargetDependency */ = {
			isa = PBXTargetDependency;
			target = D8C1DC2B2442419F003CA4B3 /* MultipleEx */;
			targetProxy = D8C1DC4E244241A3003CA4B3 /* PBXContainerItemProxy */;
		};
/* End PBXTargetDependency section */

/* Begin PBXVariantGroup section */
		D8C1DC352442419F003CA4B3 /* Main.storyboard */ = {
			isa = PBXVariantGroup;
			children = (
				D8C1DC362442419F003CA4B3 /* Base */,
			);
			name = Main.storyboard;
			sourceTree = "<group>";
		};
		D8C1DC3A244241A3003CA4B3 /* LaunchScreen.storyboard */ = {
			isa = PBXVariantGroup;
			children = (
				D8C1DC3B244241A3003CA4B3 /* Base */,
			);
			name = LaunchScreen.storyboard;
			sourceTree = "<group>";
		};
/* End PBXVariantGroup section */

/* Begin XCBuildConfiguration section */
		D8C1DC54244241A3003CA4B3 /* Debug */ = {
			isa = XCBuildConfiguration;
			buildSettings = {
				ALWAYS_SEARCH_USER_PATHS = NO;
				CLANG_ANALYZER_NONNULL = YES;
				CLANG_ANALYZER_NUMBER_OBJECT_CONVERSION = YES_AGGRESSIVE;
				CLANG_CXX_LANGUAGE_STANDARD = "gnu++14";
				CLANG_CXX_LIBRARY = "libc++";
				CLANG_ENABLE_MODULES = YES;
				CLANG_ENABLE_OBJC_ARC = YES;
				CLANG_ENABLE_OBJC_WEAK = YES;
				CLANG_WARN_BLOCK_CAPTURE_AUTORELEASING = YES;
				CLANG_WARN_BOOL_CONVERSION = YES;
				CLANG_WARN_COMMA = YES;
				CLANG_WARN_CONSTANT_CONVERSION = YES;
				CLANG_WARN_DEPRECATED_OBJC_IMPLEMENTATIONS = YES;
				CLANG_WARN_DIRECT_OBJC_ISA_USAGE = YES_ERROR;
				CLANG_WARN_DOCUMENTATION_COMMENTS = YES;
				CLANG_WARN_EMPTY_BODY = YES;
				CLANG_WARN_ENUM_CONVERSION = YES;
				CLANG_WARN_INFINITE_RECURSION = YES;
				CLANG_WARN_INT_CONVERSION = YES;
				CLANG_WARN_NON_LITERAL_NULL_CONVERSION = YES;
				CLANG_WARN_OBJC_IMPLICIT_RETAIN_SELF = YES;
				CLANG_WARN_OBJC_LITERAL_CONVERSION = YES;
				CLANG_WARN_OBJC_ROOT_CLASS = YES_ERROR;
				CLANG_WARN_RANGE_LOOP_ANALYSIS = YES;
				CLANG_WARN_STRICT_PROTOTYPES = YES;
				CLANG_WARN_SUSPICIOUS_MOVE = YES;
				CLANG_WARN_UNGUARDED_AVAILABILITY = YES_AGGRESSIVE;
				CLANG_WARN_UNREACHABLE_CODE = YES;
				CLANG_WARN__DUPLICATE_METHOD_MATCH = YES;
				COPY_PHASE_STRIP = NO;
				DEBUG_INFORMATION_FORMAT = dwarf;
				ENABLE_STRICT_OBJC_MSGSEND = YES;
				ENABLE_TESTABILITY = YES;
				GCC_C_LANGUAGE_STANDARD = gnu11;
				GCC_DYNAMIC_NO_PIC = NO;
				GCC_NO_COMMON_BLOCKS = YES;
				GCC_OPTIMIZATION_LEVEL = 0;
				GCC_PREPROCESSOR_DEFINITIONS = (
					"DEBUG=1",
					"$(inherited)",
				);
				GCC_WARN_64_TO_32_BIT_CONVERSION = YES;
				GCC_WARN_ABOUT_RETURN_TYPE = YES_ERROR;
				GCC_WARN_UNDECLARED_SELECTOR = YES;
				GCC_WARN_UNINITIALIZED_AUTOS = YES_AGGRESSIVE;
				GCC_WARN_UNUSED_FUNCTION = YES;
				GCC_WARN_UNUSED_VARIABLE = YES;
				IPHONEOS_DEPLOYMENT_TARGET = 13.4;
				MTL_ENABLE_DEBUG_INFO = INCLUDE_SOURCE;
				MTL_FAST_MATH = YES;
				ONLY_ACTIVE_ARCH = YES;
				SDKROOT = iphoneos;
				SWIFT_ACTIVE_COMPILATION_CONDITIONS = DEBUG;
				SWIFT_OPTIMIZATION_LEVEL = "-Onone";
			};
			name = Debug;
		};
		D8C1DC55244241A3003CA4B3 /* Release */ = {
			isa = XCBuildConfiguration;
			buildSettings = {
				ALWAYS_SEARCH_USER_PATHS = NO;
				CLANG_ANALYZER_NONNULL = YES;
				CLANG_ANALYZER_NUMBER_OBJECT_CONVERSION = YES_AGGRESSIVE;
				CLANG_CXX_LANGUAGE_STANDARD = "gnu++14";
				CLANG_CXX_LIBRARY = "libc++";
				CLANG_ENABLE_MODULES = YES;
				CLANG_ENABLE_OBJC_ARC = YES;
				CLANG_ENABLE_OBJC_WEAK = YES;
				CLANG_WARN_BLOCK_CAPTURE_AUTORELEASING = YES;
				CLANG_WARN_BOOL_CONVERSION = YES;
				CLANG_WARN_COMMA = YES;
				CLANG_WARN_CONSTANT_CONVERSION = YES;
				CLANG_WARN_DEPRECATED_OBJC_IMPLEMENTATIONS = YES;
				CLANG_WARN_DIRECT_OBJC_ISA_USAGE = YES_ERROR;
				CLANG_WARN_DOCUMENTATION_COMMENTS = YES;
				CLANG_WARN_EMPTY_BODY = YES;
				CLANG_WARN_ENUM_CONVERSION = YES;
				CLANG_WARN_INFINITE_RECURSION = YES;
				CLANG_WARN_INT_CONVERSION = YES;
				CLANG_WARN_NON_LITERAL_NULL_CONVERSION = YES;
				CLANG_WARN_OBJC_IMPLICIT_RETAIN_SELF = YES;
				CLANG_WARN_OBJC_LITERAL_CONVERSION = YES;
				CLANG_WARN_OBJC_ROOT_CLASS = YES_ERROR;
				CLANG_WARN_RANGE_LOOP_ANALYSIS = YES;
				CLANG_WARN_STRICT_PROTOTYPES = YES;
				CLANG_WARN_SUSPICIOUS_MOVE = YES;
				CLANG_WARN_UNGUARDED_AVAILABILITY = YES_AGGRESSIVE;
				CLANG_WARN_UNREACHABLE_CODE = YES;
				CLANG_WARN__DUPLICATE_METHOD_MATCH = YES;
				COPY_PHASE_STRIP = NO;
				DEBUG_INFORMATION_FORMAT = "dwarf-with-dsym";
				ENABLE_NS_ASSERTIONS = NO;
				ENABLE_STRICT_OBJC_MSGSEND = YES;
				GCC_C_LANGUAGE_STANDARD = gnu11;
				GCC_NO_COMMON_BLOCKS = YES;
				GCC_WARN_64_TO_32_BIT_CONVERSION = YES;
				GCC_WARN_ABOUT_RETURN_TYPE = YES_ERROR;
				GCC_WARN_UNDECLARED_SELECTOR = YES;
				GCC_WARN_UNINITIALIZED_AUTOS = YES_AGGRESSIVE;
				GCC_WARN_UNUSED_FUNCTION = YES;
				GCC_WARN_UNUSED_VARIABLE = YES;
				IPHONEOS_DEPLOYMENT_TARGET = 13.4;
				MTL_ENABLE_DEBUG_INFO = NO;
				MTL_FAST_MATH = YES;
				SDKROOT = iphoneos;
				SWIFT_COMPILATION_MODE = wholemodule;
				SWIFT_OPTIMIZATION_LEVEL = "-O";
				VALIDATE_PRODUCT = YES;
			};
			name = Release;
		};
		D8C1DC57244241A3003CA4B3 /* Debug */ = {
			isa = XCBuildConfiguration;
			buildSettings = {
				ASSETCATALOG_COMPILER_APPICON_NAME = AppIcon;
				CODE_SIGN_STYLE = Automatic;
				INFOPLIST_FILE = MultipleEx/Info.plist;
				LD_RUNPATH_SEARCH_PATHS = (
					"$(inherited)",
					"@executable_path/Frameworks",
				);
				PRODUCT_BUNDLE_IDENTIFIER = com.ariannamc.MultipleEx;
				PRODUCT_NAME = "$(TARGET_NAME)";
				SWIFT_VERSION = 5.0;
				TARGETED_DEVICE_FAMILY = "1,2";
			};
			name = Debug;
		};
		D8C1DC58244241A3003CA4B3 /* Release */ = {
			isa = XCBuildConfiguration;
			buildSettings = {
				ASSETCATALOG_COMPILER_APPICON_NAME = AppIcon;
				CODE_SIGN_STYLE = Automatic;
				INFOPLIST_FILE = MultipleEx/Info.plist;
				LD_RUNPATH_SEARCH_PATHS = (
					"$(inherited)",
					"@executable_path/Frameworks",
				);
				PRODUCT_BUNDLE_IDENTIFIER = com.ariannamc.MultipleEx;
				PRODUCT_NAME = "$(TARGET_NAME)";
				SWIFT_VERSION = 5.0;
				TARGETED_DEVICE_FAMILY = "1,2";
			};
			name = Release;
		};
		D8C1DC5A244241A3003CA4B3 /* Debug */ = {
			isa = XCBuildConfiguration;
			buildSettings = {
				ALWAYS_EMBED_SWIFT_STANDARD_LIBRARIES = YES;
				BUNDLE_LOADER = "$(TEST_HOST)";
				CODE_SIGN_STYLE = Automatic;
				INFOPLIST_FILE = MultipleExTests/Info.plist;
				IPHONEOS_DEPLOYMENT_TARGET = 13.4;
				LD_RUNPATH_SEARCH_PATHS = (
					"$(inherited)",
					"@executable_path/Frameworks",
					"@loader_path/Frameworks",
				);
				PRODUCT_BUNDLE_IDENTIFIER = com.ariannamc.MultipleExTests;
				PRODUCT_NAME = "$(TARGET_NAME)";
				SWIFT_VERSION = 5.0;
				TARGETED_DEVICE_FAMILY = "1,2";
				TEST_HOST = "$(BUILT_PRODUCTS_DIR)/MultipleEx.app/MultipleEx";
			};
			name = Debug;
		};
		D8C1DC5B244241A3003CA4B3 /* Release */ = {
			isa = XCBuildConfiguration;
			buildSettings = {
				ALWAYS_EMBED_SWIFT_STANDARD_LIBRARIES = YES;
				BUNDLE_LOADER = "$(TEST_HOST)";
				CODE_SIGN_STYLE = Automatic;
				INFOPLIST_FILE = MultipleExTests/Info.plist;
				IPHONEOS_DEPLOYMENT_TARGET = 13.4;
				LD_RUNPATH_SEARCH_PATHS = (
					"$(inherited)",
					"@executable_path/Frameworks",
					"@loader_path/Frameworks",
				);
				PRODUCT_BUNDLE_IDENTIFIER = com.ariannamc.MultipleExTests;
				PRODUCT_NAME = "$(TARGET_NAME)";
				SWIFT_VERSION = 5.0;
				TARGETED_DEVICE_FAMILY = "1,2";
				TEST_HOST = "$(BUILT_PRODUCTS_DIR)/MultipleEx.app/MultipleEx";
			};
			name = Release;
		};
		D8C1DC5D244241A3003CA4B3 /* Debug */ = {
			isa = XCBuildConfiguration;
			buildSettings = {
				ALWAYS_EMBED_SWIFT_STANDARD_LIBRARIES = YES;
				CODE_SIGN_STYLE = Automatic;
				INFOPLIST_FILE = MultipleExUITests/Info.plist;
				LD_RUNPATH_SEARCH_PATHS = (
					"$(inherited)",
					"@executable_path/Frameworks",
					"@loader_path/Frameworks",
				);
				PRODUCT_BUNDLE_IDENTIFIER = com.ariannamc.MultipleExUITests;
				PRODUCT_NAME = "$(TARGET_NAME)";
				SWIFT_VERSION = 5.0;
				TARGETED_DEVICE_FAMILY = "1,2";
				TEST_TARGET_NAME = MultipleEx;
			};
			name = Debug;
		};
		D8C1DC5E244241A3003CA4B3 /* Release */ = {
			isa = XCBuildConfiguration;
			buildSettings = {
				ALWAYS_EMBED_SWIFT_STANDARD_LIBRARIES = YES;
				CODE_SIGN_STYLE = Automatic;
				INFOPLIST_FILE = MultipleExUITests/Info.plist;
				LD_RUNPATH_SEARCH_PATHS = (
					"$(inherited)",
					"@executable_path/Frameworks",
					"@loader_path/Frameworks",
				);
				PRODUCT_BUNDLE_IDENTIFIER = com.ariannamc.MultipleExUITests;
				PRODUCT_NAME = "$(TARGET_NAME)";
				SWIFT_VERSION = 5.0;
				TARGETED_DEVICE_FAMILY = "1,2";
				TEST_TARGET_NAME = MultipleEx;
			};
			name = Release;
		};
/* End XCBuildConfiguration section */

/* Begin XCConfigurationList section */
		D8C1DC272442419F003CA4B3 /* Build configuration list for PBXProject "MultipleEx" */ = {
			isa = XCConfigurationList;
			buildConfigurations = (
				D8C1DC54244241A3003CA4B3 /* Debug */,
				D8C1DC55244241A3003CA4B3 /* Release */,
			);
			defaultConfigurationIsVisible = 0;
			defaultConfigurationName = Release;
		};
		D8C1DC56244241A3003CA4B3 /* Build configuration list for PBXNativeTarget "MultipleEx" */ = {
			isa = XCConfigurationList;
			buildConfigurations = (
				D8C1DC57244241A3003CA4B3 /* Debug */,
				D8C1DC58244241A3003CA4B3 /* Release */,
			);
			defaultConfigurationIsVisible = 0;
			defaultConfigurationName = Release;
		};
		D8C1DC59244241A3003CA4B3 /* Build configuration list for PBXNativeTarget "MultipleExTests" */ = {
			isa = XCConfigurationList;
			buildConfigurations = (
				D8C1DC5A244241A3003CA4B3 /* Debug */,
				D8C1DC5B244241A3003CA4B3 /* Release */,
			);
			defaultConfigurationIsVisible = 0;
			defaultConfigurationName = Release;
		};
		D8C1DC5C244241A3003CA4B3 /* Build configuration list for PBXNativeTarget "MultipleExUITests" */ = {
			isa = XCConfigurationList;
			buildConfigurations = (
				D8C1DC5D244241A3003CA4B3 /* Debug */,
				D8C1DC5E244241A3003CA4B3 /* Release */,
			);
			defaultConfigurationIsVisible = 0;
			defaultConfigurationName = Release;
		};
/* End XCConfigurationList section */
	};
	rootObject = D8C1DC242442419F003CA4B3 /* Project object */;
}
